Microsoft Visual Studio Solution File, Format Version 12.00
# Visual Studio Version 17
VisualStudioVersion = 17.5.2.0
MinimumVisualStudioVersion = 10.0.40219.1
Project("{2150E333-8FDC-42A3-9474-1A3956D46DE8}") = "Classes", "Classes", "{6A8505AE-38D6-29C8-A789-2A25D546B4DE}"
EndProject
Project("{FAE04EC0-301F-11D3-BF4B-00C04F79EFBC}") = "MonModulePowerShell", "Classes\MonModulePowerShell\MonModulePowerShell.csproj", "{778B3265-5210-67A1-1393-A6B399DADDB0}"
EndProject
Global
	GlobalSection(SolutionConfigurationPlatforms) = preSolution
		Debug|Any CPU = Debug|Any CPU
		Release|Any CPU = Release|Any CPU
	EndGlobalSection
	GlobalSection(ProjectConfigurationPlatforms) = postSolution
		{778B3265-5210-67A1-1393-A6B399DADDB0}.Debug|Any CPU.ActiveCfg = Debug|Any CPU
		{778B3265-5210-67A1-1393-A6B399DADDB0}.Debug|Any CPU.Build.0 = Debug|Any CPU
		{778B3265-5210-67A1-1393-A6B399DADDB0}.Release|Any CPU.ActiveCfg = Release|Any CPU
		{778B3265-5210-67A1-1393-A6B399DADDB0}.Release|Any CPU.Build.0 = Release|Any CPU
	EndGlobalSection
	GlobalSection(SolutionProperties) = preSolution
		HideSolutionNode = FALSE
	EndGlobalSection
	GlobalSection(NestedProjects) = preSolution
		{778B3265-5210-67A1-1393-A6B399DADDB0} = {6A8505AE-38D6-29C8-A789-2A25D546B4DE}
	EndGlobalSection
	GlobalSection(ExtensibilityGlobals) = postSolution
		SolutionGuid = {DAB99AA7-68B5-45F3-BD03-34331A690031}
	EndGlobalSection
EndGlobal
