Microsoft Visual Studio Solution File, Format Version 12.00
# Visual Studio Version 17
VisualStudioVersion = 17.5.2.0
MinimumVisualStudioVersion = 10.0.40219.1
Project("{FAE04EC0-301F-11D3-BF4B-00C04F79EFBC}") = "MonModulePowerShell", "MonModulePowerShell.csproj", "{E8BD20C1-8CEA-0428-48CF-3818318648AE}"
EndProject
Global
	GlobalSection(SolutionConfigurationPlatforms) = preSolution
		Debug|Any CPU = Debug|Any CPU
		Release|Any CPU = Release|Any CPU
	EndGlobalSection
	GlobalSection(ProjectConfigurationPlatforms) = postSolution
		{E8BD20C1-8CEA-0428-48CF-3818318648AE}.Debug|Any CPU.ActiveCfg = Debug|Any CPU
		{E8BD20C1-8CEA-0428-48CF-3818318648AE}.Debug|Any CPU.Build.0 = Debug|Any CPU
		{E8BD20C1-8CEA-0428-48CF-3818318648AE}.Release|Any CPU.ActiveCfg = Release|Any CPU
		{E8BD20C1-8CEA-0428-48CF-3818318648AE}.Release|Any CPU.Build.0 = Release|Any CPU
	EndGlobalSection
	GlobalSection(SolutionProperties) = preSolution
		HideSolutionNode = FALSE
	EndGlobalSection
	GlobalSection(ExtensibilityGlobals) = postSolution
		SolutionGuid = {FCB702F7-1FC5-4165-A180-F586F7000945}
	EndGlobalSection
EndGlobal
